
Microsoft Visual Studio Solution File, Format Version 12.00
# Visual Studio Version 16
VisualStudioVersion = 16.0.32002.261
MinimumVisualStudioVersion = 10.0.40219.1
Project("{2150E333-8FDC-42A3-9474-1A3956D46DE8}") = "1.Standard", "1.Standard", "{08043B4A-1534-4639-B614-7D89C3E9331B}"
EndProject
Project("{9A19103F-16F7-4668-BE54-9A1E7A4F7556}") = "App", "Standard\App\App.csproj", "{C1D6CD66-8244-4F50-875A-37AAC7C524AC}"
EndProject
Project("{9A19103F-16F7-4668-BE54-9A1E7A4F7556}") = "Services", "Standard\Services\Services.csproj", "{4066312F-21DB-45C2-8889-D7C039263E0A}"
EndProject
Project("{9A19103F-16F7-4668-BE54-9A1E7A4F7556}") = "Modules", "Standard\Modules\Modules.csproj", "{355C095C-A5F3-462D-9F9E-8629754C48C0}"
EndProject
Project("{9A19103F-16F7-4668-BE54-9A1E7A4F7556}") = "Reservations", "Standard\Reservations\Reservations.csproj", "{147FF080-869C-4FE1-A2DA-1E3D57D40DA6}"
EndProject
Project("{2150E333-8FDC-42A3-9474-1A3956D46DE8}") = "2.Inverted", "2.Inverted", "{4BF5C23C-1DBE-4515-A8AB-FFBBCAA53F32}"
EndProject
Project("{9A19103F-16F7-4668-BE54-9A1E7A4F7556}") = "App", "Inverted\App\App.csproj", "{317291D6-D01C-4EE3-95DA-6ED0538AD6F0}"
EndProject
Project("{9A19103F-16F7-4668-BE54-9A1E7A4F7556}") = "Services", "Inverted\Services\Services.csproj", "{39EF7CFC-738E-47C2-AD5D-F434EA12A537}"
EndProject
Project("{9A19103F-16F7-4668-BE54-9A1E7A4F7556}") = "App.Modules", "Inverted\Modules\App.Modules.csproj", "{873580F3-0FB9-4ED8-BF38-475D8B5CC932}"
EndProject
Project("{9A19103F-16F7-4668-BE54-9A1E7A4F7556}") = "Reservations.AirBnB", "Inverted\Reservations.AirBnB\Reservations.AirBnB.csproj", "{F270A5BC-C3F2-4F81-9283-57331D1B352E}"
EndProject
Project("{9A19103F-16F7-4668-BE54-9A1E7A4F7556}") = "Reservations.Booking", "Inverted\Reservations.Booking\Reservations.Booking.csproj", "{08EBE8CB-44E6-47B6-BBDD-A578EB6DE010}"
EndProject
Project("{9A19103F-16F7-4668-BE54-9A1E7A4F7556}") = "Reservations.Abstractions", "Inverted\Reservations.Abstractions\Reservations.Abstractions.csproj", "{660F0889-D86C-43E0-9DFE-2E125205C5C9}"
EndProject
Project("{2150E333-8FDC-42A3-9474-1A3956D46DE8}") = "App With Both Providers", "App With Both Providers", "{D6BB8EC6-652B-4D9C-BEE9-2716DC83DEC8}"
EndProject
Project("{2150E333-8FDC-42A3-9474-1A3956D46DE8}") = "App", "App", "{F514AB09-DE05-4D93-8A18-0C139D9A95CA}"
EndProject
Project("{9A19103F-16F7-4668-BE54-9A1E7A4F7556}") = "AppAirBnB", "Inverted\AppAirBnB\AppAirBnB.csproj", "{3A084BE8-14D7-4398-822B-11E6090A4179}"
EndProject
Project("{9A19103F-16F7-4668-BE54-9A1E7A4F7556}") = "AppBooking", "Inverted\AppBooking\AppBooking.csproj", "{D40EDC3B-B3A0-49D6-934A-0A2B02F97492}"
EndProject
Project("{2150E333-8FDC-42A3-9474-1A3956D46DE8}") = "Simulated Nuget Packages", "Simulated Nuget Packages", "{B30AA375-FB78-44D9-B68F-316978691768}"
EndProject
Project("{9A19103F-16F7-4668-BE54-9A1E7A4F7556}") = "AirBnb.Api", "AirBnb.Api\AirBnb.Api.csproj", "{1BAA61BD-B49D-491D-869C-BAAC59E76035}"
EndProject
Project("{9A19103F-16F7-4668-BE54-9A1E7A4F7556}") = "Booking.Api", "Booking.Api\Booking.Api.csproj", "{4D1E8BC4-DFCE-4CBE-9C0A-E24395B1F6B8}"
EndProject
Project("{9A19103F-16F7-4668-BE54-9A1E7A4F7556}") = "AppAirBnB.Modules", "Inverted\AppAirBnB.Modules\AppAirBnB.Modules.csproj", "{54C9B691-3BE7-4E8C-97D6-8EE84CDE0585}"
EndProject
Project("{9A19103F-16F7-4668-BE54-9A1E7A4F7556}") = "AppBooking.Modules", "Inverted\AppBooking.Modules\AppBooking.Modules.csproj", "{47FF53F9-9FE2-4D92-BBCA-F77C4ADA27C6}"
EndProject
Project("{2150E333-8FDC-42A3-9474-1A3956D46DE8}") = "App With Air BnB Only", "App With Air BnB Only", "{256F52CD-B8FA-489C-931D-9A0B44C674AF}"
EndProject
Project("{2150E333-8FDC-42A3-9474-1A3956D46DE8}") = "App With Booking Only", "App With Booking Only", "{924F92C8-854D-4661-93D3-4AE36FD9A07F}"
EndProject
Project("{2150E333-8FDC-42A3-9474-1A3956D46DE8}") = "Reference Diagram", "Reference Diagram", "{3A79F8EA-D6F8-43F1-8DA1-0B660D2C17E5}"
	ProjectSection(SolutionItems) = preProject
		Inverted Dependencies.dgml = Inverted Dependencies.dgml
		Standard Dependencies.dgml = Standard Dependencies.dgml
	EndProjectSection
EndProject
Global
	GlobalSection(SolutionConfigurationPlatforms) = preSolution
		Debug|Any CPU = Debug|Any CPU
		Release|Any CPU = Release|Any CPU
	EndGlobalSection
	GlobalSection(ProjectConfigurationPlatforms) = postSolution
		{C1D6CD66-8244-4F50-875A-37AAC7C524AC}.Debug|Any CPU.ActiveCfg = Debug|Any CPU
		{C1D6CD66-8244-4F50-875A-37AAC7C524AC}.Debug|Any CPU.Build.0 = Debug|Any CPU
		{C1D6CD66-8244-4F50-875A-37AAC7C524AC}.Release|Any CPU.ActiveCfg = Release|Any CPU
		{C1D6CD66-8244-4F50-875A-37AAC7C524AC}.Release|Any CPU.Build.0 = Release|Any CPU
		{4066312F-21DB-45C2-8889-D7C039263E0A}.Debug|Any CPU.ActiveCfg = Debug|Any CPU
		{4066312F-21DB-45C2-8889-D7C039263E0A}.Debug|Any CPU.Build.0 = Debug|Any CPU
		{4066312F-21DB-45C2-8889-D7C039263E0A}.Release|Any CPU.ActiveCfg = Release|Any CPU
		{4066312F-21DB-45C2-8889-D7C039263E0A}.Release|Any CPU.Build.0 = Release|Any CPU
		{355C095C-A5F3-462D-9F9E-8629754C48C0}.Debug|Any CPU.ActiveCfg = Debug|Any CPU
		{355C095C-A5F3-462D-9F9E-8629754C48C0}.Debug|Any CPU.Build.0 = Debug|Any CPU
		{355C095C-A5F3-462D-9F9E-8629754C48C0}.Release|Any CPU.ActiveCfg = Release|Any CPU
		{355C095C-A5F3-462D-9F9E-8629754C48C0}.Release|Any CPU.Build.0 = Release|Any CPU
		{147FF080-869C-4FE1-A2DA-1E3D57D40DA6}.Debug|Any CPU.ActiveCfg = Debug|Any CPU
		{147FF080-869C-4FE1-A2DA-1E3D57D40DA6}.Debug|Any CPU.Build.0 = Debug|Any CPU
		{147FF080-869C-4FE1-A2DA-1E3D57D40DA6}.Release|Any CPU.ActiveCfg = Release|Any CPU
		{147FF080-869C-4FE1-A2DA-1E3D57D40DA6}.Release|Any CPU.Build.0 = Release|Any CPU
		{317291D6-D01C-4EE3-95DA-6ED0538AD6F0}.Debug|Any CPU.ActiveCfg = Debug|Any CPU
		{317291D6-D01C-4EE3-95DA-6ED0538AD6F0}.Debug|Any CPU.Build.0 = Debug|Any CPU
		{317291D6-D01C-4EE3-95DA-6ED0538AD6F0}.Release|Any CPU.ActiveCfg = Release|Any CPU
		{317291D6-D01C-4EE3-95DA-6ED0538AD6F0}.Release|Any CPU.Build.0 = Release|Any CPU
		{39EF7CFC-738E-47C2-AD5D-F434EA12A537}.Debug|Any CPU.ActiveCfg = Debug|Any CPU
		{39EF7CFC-738E-47C2-AD5D-F434EA12A537}.Debug|Any CPU.Build.0 = Debug|Any CPU
		{39EF7CFC-738E-47C2-AD5D-F434EA12A537}.Release|Any CPU.ActiveCfg = Release|Any CPU
		{39EF7CFC-738E-47C2-AD5D-F434EA12A537}.Release|Any CPU.Build.0 = Release|Any CPU
		{873580F3-0FB9-4ED8-BF38-475D8B5CC932}.Debug|Any CPU.ActiveCfg = Debug|Any CPU
		{873580F3-0FB9-4ED8-BF38-475D8B5CC932}.Debug|Any CPU.Build.0 = Debug|Any CPU
		{873580F3-0FB9-4ED8-BF38-475D8B5CC932}.Release|Any CPU.ActiveCfg = Release|Any CPU
		{873580F3-0FB9-4ED8-BF38-475D8B5CC932}.Release|Any CPU.Build.0 = Release|Any CPU
		{F270A5BC-C3F2-4F81-9283-57331D1B352E}.Debug|Any CPU.ActiveCfg = Debug|Any CPU
		{F270A5BC-C3F2-4F81-9283-57331D1B352E}.Debug|Any CPU.Build.0 = Debug|Any CPU
		{F270A5BC-C3F2-4F81-9283-57331D1B352E}.Release|Any CPU.ActiveCfg = Release|Any CPU
		{F270A5BC-C3F2-4F81-9283-57331D1B352E}.Release|Any CPU.Build.0 = Release|Any CPU
		{08EBE8CB-44E6-47B6-BBDD-A578EB6DE010}.Debug|Any CPU.ActiveCfg = Debug|Any CPU
		{08EBE8CB-44E6-47B6-BBDD-A578EB6DE010}.Debug|Any CPU.Build.0 = Debug|Any CPU
		{08EBE8CB-44E6-47B6-BBDD-A578EB6DE010}.Release|Any CPU.ActiveCfg = Release|Any CPU
		{08EBE8CB-44E6-47B6-BBDD-A578EB6DE010}.Release|Any CPU.Build.0 = Release|Any CPU
		{660F0889-D86C-43E0-9DFE-2E125205C5C9}.Debug|Any CPU.ActiveCfg = Debug|Any CPU
		{660F0889-D86C-43E0-9DFE-2E125205C5C9}.Debug|Any CPU.Build.0 = Debug|Any CPU
		{660F0889-D86C-43E0-9DFE-2E125205C5C9}.Release|Any CPU.ActiveCfg = Release|Any CPU
		{660F0889-D86C-43E0-9DFE-2E125205C5C9}.Release|Any CPU.Build.0 = Release|Any CPU
		{3A084BE8-14D7-4398-822B-11E6090A4179}.Debug|Any CPU.ActiveCfg = Debug|Any CPU
		{3A084BE8-14D7-4398-822B-11E6090A4179}.Debug|Any CPU.Build.0 = Debug|Any CPU
		{3A084BE8-14D7-4398-822B-11E6090A4179}.Release|Any CPU.ActiveCfg = Release|Any CPU
		{3A084BE8-14D7-4398-822B-11E6090A4179}.Release|Any CPU.Build.0 = Release|Any CPU
		{D40EDC3B-B3A0-49D6-934A-0A2B02F97492}.Debug|Any CPU.ActiveCfg = Debug|Any CPU
		{D40EDC3B-B3A0-49D6-934A-0A2B02F97492}.Debug|Any CPU.Build.0 = Debug|Any CPU
		{D40EDC3B-B3A0-49D6-934A-0A2B02F97492}.Release|Any CPU.ActiveCfg = Release|Any CPU
		{D40EDC3B-B3A0-49D6-934A-0A2B02F97492}.Release|Any CPU.Build.0 = Release|Any CPU
		{1BAA61BD-B49D-491D-869C-BAAC59E76035}.Debug|Any CPU.ActiveCfg = Debug|Any CPU
		{1BAA61BD-B49D-491D-869C-BAAC59E76035}.Debug|Any CPU.Build.0 = Debug|Any CPU
		{1BAA61BD-B49D-491D-869C-BAAC59E76035}.Release|Any CPU.ActiveCfg = Release|Any CPU
		{1BAA61BD-B49D-491D-869C-BAAC59E76035}.Release|Any CPU.Build.0 = Release|Any CPU
		{4D1E8BC4-DFCE-4CBE-9C0A-E24395B1F6B8}.Debug|Any CPU.ActiveCfg = Debug|Any CPU
		{4D1E8BC4-DFCE-4CBE-9C0A-E24395B1F6B8}.Debug|Any CPU.Build.0 = Debug|Any CPU
		{4D1E8BC4-DFCE-4CBE-9C0A-E24395B1F6B8}.Release|Any CPU.ActiveCfg = Release|Any CPU
		{4D1E8BC4-DFCE-4CBE-9C0A-E24395B1F6B8}.Release|Any CPU.Build.0 = Release|Any CPU
		{54C9B691-3BE7-4E8C-97D6-8EE84CDE0585}.Debug|Any CPU.ActiveCfg = Debug|Any CPU
		{54C9B691-3BE7-4E8C-97D6-8EE84CDE0585}.Debug|Any CPU.Build.0 = Debug|Any CPU
		{54C9B691-3BE7-4E8C-97D6-8EE84CDE0585}.Release|Any CPU.ActiveCfg = Release|Any CPU
		{54C9B691-3BE7-4E8C-97D6-8EE84CDE0585}.Release|Any CPU.Build.0 = Release|Any CPU
		{47FF53F9-9FE2-4D92-BBCA-F77C4ADA27C6}.Debug|Any CPU.ActiveCfg = Debug|Any CPU
		{47FF53F9-9FE2-4D92-BBCA-F77C4ADA27C6}.Debug|Any CPU.Build.0 = Debug|Any CPU
		{47FF53F9-9FE2-4D92-BBCA-F77C4ADA27C6}.Release|Any CPU.ActiveCfg = Release|Any CPU
		{47FF53F9-9FE2-4D92-BBCA-F77C4ADA27C6}.Release|Any CPU.Build.0 = Release|Any CPU
	EndGlobalSection
	GlobalSection(SolutionProperties) = preSolution
		HideSolutionNode = FALSE
	EndGlobalSection
	GlobalSection(NestedProjects) = preSolution
		{C1D6CD66-8244-4F50-875A-37AAC7C524AC} = {F514AB09-DE05-4D93-8A18-0C139D9A95CA}
		{4066312F-21DB-45C2-8889-D7C039263E0A} = {08043B4A-1534-4639-B614-7D89C3E9331B}
		{355C095C-A5F3-462D-9F9E-8629754C48C0} = {F514AB09-DE05-4D93-8A18-0C139D9A95CA}
		{147FF080-869C-4FE1-A2DA-1E3D57D40DA6} = {08043B4A-1534-4639-B614-7D89C3E9331B}
		{317291D6-D01C-4EE3-95DA-6ED0538AD6F0} = {D6BB8EC6-652B-4D9C-BEE9-2716DC83DEC8}
		{39EF7CFC-738E-47C2-AD5D-F434EA12A537} = {4BF5C23C-1DBE-4515-A8AB-FFBBCAA53F32}
		{873580F3-0FB9-4ED8-BF38-475D8B5CC932} = {D6BB8EC6-652B-4D9C-BEE9-2716DC83DEC8}
		{F270A5BC-C3F2-4F81-9283-57331D1B352E} = {4BF5C23C-1DBE-4515-A8AB-FFBBCAA53F32}
		{08EBE8CB-44E6-47B6-BBDD-A578EB6DE010} = {4BF5C23C-1DBE-4515-A8AB-FFBBCAA53F32}
		{660F0889-D86C-43E0-9DFE-2E125205C5C9} = {4BF5C23C-1DBE-4515-A8AB-FFBBCAA53F32}
		{D6BB8EC6-652B-4D9C-BEE9-2716DC83DEC8} = {4BF5C23C-1DBE-4515-A8AB-FFBBCAA53F32}
		{F514AB09-DE05-4D93-8A18-0C139D9A95CA} = {08043B4A-1534-4639-B614-7D89C3E9331B}
		{3A084BE8-14D7-4398-822B-11E6090A4179} = {256F52CD-B8FA-489C-931D-9A0B44C674AF}
		{D40EDC3B-B3A0-49D6-934A-0A2B02F97492} = {924F92C8-854D-4661-93D3-4AE36FD9A07F}
		{1BAA61BD-B49D-491D-869C-BAAC59E76035} = {B30AA375-FB78-44D9-B68F-316978691768}
		{4D1E8BC4-DFCE-4CBE-9C0A-E24395B1F6B8} = {B30AA375-FB78-44D9-B68F-316978691768}
		{54C9B691-3BE7-4E8C-97D6-8EE84CDE0585} = {256F52CD-B8FA-489C-931D-9A0B44C674AF}
		{47FF53F9-9FE2-4D92-BBCA-F77C4ADA27C6} = {924F92C8-854D-4661-93D3-4AE36FD9A07F}
		{256F52CD-B8FA-489C-931D-9A0B44C674AF} = {4BF5C23C-1DBE-4515-A8AB-FFBBCAA53F32}
		{924F92C8-854D-4661-93D3-4AE36FD9A07F} = {4BF5C23C-1DBE-4515-A8AB-FFBBCAA53F32}
	EndGlobalSection
	GlobalSection(ExtensibilityGlobals) = postSolution
		SolutionGuid = {B63189FF-8284-4F9F-9CED-2C98BFC7F568}
	EndGlobalSection
EndGlobal
